// !$*UTF8*$!
{
	archiveVersion = 1;
	classes = {
	};
	objectVersion = 56;
	objects = {

/* Begin PBXBuildFile section */
		D7BC1DDF2AC81B9700B1C125 /* LandMarkApp.swift in Sources */ = {isa = PBXBuildFile; fileRef = D7BC1DDE2AC81B9700B1C125 /* LandMarkApp.swift */; };
		D7BC1DE12AC81B9700B1C125 /* ContentView.swift in Sources */ = {isa = PBXBuildFile; fileRef = D7BC1DE02AC81B9700B1C125 /* ContentView.swift */; };
		D7BC1DE32AC81BA600B1C125 /* Assets.xcassets in Resources */ = {isa = PBXBuildFile; fileRef = D7BC1DE22AC81BA600B1C125 /* Assets.xcassets */; };
		D7BC1DE62AC81BA600B1C125 /* Preview Assets.xcassets in Resources */ = {isa = PBXBuildFile; fileRef = D7BC1DE52AC81BA600B1C125 /* Preview Assets.xcassets */; };
		D7BC1DED2AC81EC200B1C125 /* CircleImage.swift in Sources */ = {isa = PBXBuildFile; fileRef = D7BC1DEC2AC81EC200B1C125 /* CircleImage.swift */; };
		D7BC1DEF2AC8200900B1C125 /* MapView.swift in Sources */ = {isa = PBXBuildFile; fileRef = D7BC1DEE2AC8200900B1C125 /* MapView.swift */; };
		D7BC1DF12AC8482000B1C125 /* landmarkData.json in Resources */ = {isa = PBXBuildFile; fileRef = D7BC1DF02AC8482000B1C125 /* landmarkData.json */; };
		D7BC1DF32AC848E500B1C125 /* LandMark.swift in Sources */ = {isa = PBXBuildFile; fileRef = D7BC1DF22AC848E500B1C125 /* LandMark.swift */; };
		D7BC1DF52AC84C7600B1C125 /* ModelData.swift in Sources */ = {isa = PBXBuildFile; fileRef = D7BC1DF42AC84C7600B1C125 /* ModelData.swift */; };
		D7BC1DFA2AC84E1200B1C125 /* LandMarkRow.swift in Sources */ = {isa = PBXBuildFile; fileRef = D7BC1DF92AC84E1200B1C125 /* LandMarkRow.swift */; };
		D7BC1DFD2AC84F7100B1C125 /* Modifiers.swift in Sources */ = {isa = PBXBuildFile; fileRef = D7BC1DFC2AC84F7100B1C125 /* Modifiers.swift */; };
		D7BC1DFF2AC8525000B1C125 /* LandMarkList.swift in Sources */ = {isa = PBXBuildFile; fileRef = D7BC1DFE2AC8525000B1C125 /* LandMarkList.swift */; };
		D7BC1E012AC856CE00B1C125 /* LandMarkDetail.swift in Sources */ = {isa = PBXBuildFile; fileRef = D7BC1E002AC856CE00B1C125 /* LandMarkDetail.swift */; };
		D7BC1E032AC86E7600B1C125 /* FavoriteButton.swift in Sources */ = {isa = PBXBuildFile; fileRef = D7BC1E022AC86E7600B1C125 /* FavoriteButton.swift */; };
/* End PBXBuildFile section */

/* Begin PBXFileReference section */
		D7BC1DDB2AC81B9700B1C125 /* LandMark.app */ = {isa = PBXFileReference; explicitFileType = wrapper.application; includeInIndex = 0; path = LandMark.app; sourceTree = BUILT_PRODUCTS_DIR; };
		D7BC1DDE2AC81B9700B1C125 /* LandMarkApp.swift */ = {isa = PBXFileReference; lastKnownFileType = sourcecode.swift; path = LandMarkApp.swift; sourceTree = "<group>"; };
		D7BC1DE02AC81B9700B1C125 /* ContentView.swift */ = {isa = PBXFileReference; lastKnownFileType = sourcecode.swift; path = ContentView.swift; sourceTree = "<group>"; };
		D7BC1DE22AC81BA600B1C125 /* Assets.xcassets */ = {isa = PBXFileReference; lastKnownFileType = folder.assetcatalog; path = Assets.xcassets; sourceTree = "<group>"; };
		D7BC1DE52AC81BA600B1C125 /* Preview Assets.xcassets */ = {isa = PBXFileReference; lastKnownFileType = folder.assetcatalog; path = "Preview Assets.xcassets"; sourceTree = "<group>"; };
		D7BC1DEC2AC81EC200B1C125 /* CircleImage.swift */ = {isa = PBXFileReference; lastKnownFileType = sourcecode.swift; path = CircleImage.swift; sourceTree = "<group>"; };
		D7BC1DEE2AC8200900B1C125 /* MapView.swift */ = {isa = PBXFileReference; lastKnownFileType = sourcecode.swift; path = MapView.swift; sourceTree = "<group>"; };
		D7BC1DF02AC8482000B1C125 /* landmarkData.json */ = {isa = PBXFileReference; fileEncoding = 4; lastKnownFileType = text.json; path = landmarkData.json; sourceTree = "<group>"; };
		D7BC1DF22AC848E500B1C125 /* LandMark.swift */ = {isa = PBXFileReference; lastKnownFileType = sourcecode.swift; path = LandMark.swift; sourceTree = "<group>"; };
		D7BC1DF42AC84C7600B1C125 /* ModelData.swift */ = {isa = PBXFileReference; lastKnownFileType = sourcecode.swift; path = ModelData.swift; sourceTree = "<group>"; };
		D7BC1DF92AC84E1200B1C125 /* LandMarkRow.swift */ = {isa = PBXFileReference; lastKnownFileType = sourcecode.swift; path = LandMarkRow.swift; sourceTree = "<group>"; };
		D7BC1DFC2AC84F7100B1C125 /* Modifiers.swift */ = {isa = PBXFileReference; lastKnownFileType = sourcecode.swift; path = Modifiers.swift; sourceTree = "<group>"; };
		D7BC1DFE2AC8525000B1C125 /* LandMarkList.swift */ = {isa = PBXFileReference; lastKnownFileType = sourcecode.swift; path = LandMarkList.swift; sourceTree = "<group>"; };
		D7BC1E002AC856CE00B1C125 /* LandMarkDetail.swift */ = {isa = PBXFileReference; lastKnownFileType = sourcecode.swift; path = LandMarkDetail.swift; sourceTree = "<group>"; };
		D7BC1E022AC86E7600B1C125 /* FavoriteButton.swift */ = {isa = PBXFileReference; lastKnownFileType = sourcecode.swift; path = FavoriteButton.swift; sourceTree = "<group>"; };
/* End PBXFileReference section */

/* Begin PBXFrameworksBuildPhase section */
		D7BC1DD82AC81B9700B1C125 /* Frameworks */ = {
			isa = PBXFrameworksBuildPhase;
			buildActionMask = 2147483647;
			files = (
			);
			runOnlyForDeploymentPostprocessing = 0;
		};
/* End PBXFrameworksBuildPhase section */

/* Begin PBXGroup section */
		D7BC1DD22AC81B9700B1C125 = {
			isa = PBXGroup;
			children = (
				D7BC1DDD2AC81B9700B1C125 /* LandMark */,
				D7BC1DDC2AC81B9700B1C125 /* Products */,
			);
			sourceTree = "<group>";
		};
		D7BC1DDC2AC81B9700B1C125 /* Products */ = {
			isa = PBXGroup;
			children = (
				D7BC1DDB2AC81B9700B1C125 /* LandMark.app */,
			);
			name = Products;
			sourceTree = "<group>";
		};
		D7BC1DDD2AC81B9700B1C125 /* LandMark */ = {
			isa = PBXGroup;
			children = (
				D7BC1DFB2AC84F4C00B1C125 /* Modifiers */,
				D7BC1DDE2AC81B9700B1C125 /* LandMarkApp.swift */,
				D7BC1DF62AC84D0B00B1C125 /* Views */,
				D7BC1DF72AC84D2000B1C125 /* Model */,
				D7BC1DF82AC84D2A00B1C125 /* Resources */,
				D7BC1DE22AC81BA600B1C125 /* Assets.xcassets */,
				D7BC1DE42AC81BA600B1C125 /* Preview Content */,
			);
			path = LandMark;
			sourceTree = "<group>";
		};
		D7BC1DE42AC81BA600B1C125 /* Preview Content */ = {
			isa = PBXGroup;
			children = (
				D7BC1DE52AC81BA600B1C125 /* Preview Assets.xcassets */,
			);
			path = "Preview Content";
			sourceTree = "<group>";
		};
		D7BC1DF62AC84D0B00B1C125 /* Views */ = {
			isa = PBXGroup;
			children = (
				D7BC1DE02AC81B9700B1C125 /* ContentView.swift */,
				D7BC1E042AC86F8800B1C125 /* Helpers */,
				D7BC1E052AC86F9700B1C125 /* Landmarks */,
			);
			path = Views;
			sourceTree = "<group>";
		};
		D7BC1DF72AC84D2000B1C125 /* Model */ = {
			isa = PBXGroup;
			children = (
				D7BC1DF22AC848E500B1C125 /* LandMark.swift */,
				D7BC1DF42AC84C7600B1C125 /* ModelData.swift */,
			);
			path = Model;
			sourceTree = "<group>";
		};
		D7BC1DF82AC84D2A00B1C125 /* Resources */ = {
			isa = PBXGroup;
			children = (
				D7BC1DF02AC8482000B1C125 /* landmarkData.json */,
			);
			path = Resources;
			sourceTree = "<group>";
		};
		D7BC1DFB2AC84F4C00B1C125 /* Modifiers */ = {
			isa = PBXGroup;
			children = (
				D7BC1DFC2AC84F7100B1C125 /* Modifiers.swift */,
			);
			path = Modifiers;
			sourceTree = "<group>";
		};
		D7BC1E042AC86F8800B1C125 /* Helpers */ = {
			isa = PBXGroup;
			children = (
				D7BC1DEC2AC81EC200B1C125 /* CircleImage.swift */,
				D7BC1DEE2AC8200900B1C125 /* MapView.swift */,
				D7BC1E022AC86E7600B1C125 /* FavoriteButton.swift */,
			);
			path = Helpers;
			sourceTree = "<group>";
		};
		D7BC1E052AC86F9700B1C125 /* Landmarks */ = {
			isa = PBXGroup;
			children = (
				D7BC1DF92AC84E1200B1C125 /* LandMarkRow.swift */,
				D7BC1DFE2AC8525000B1C125 /* LandMarkList.swift */,
				D7BC1E002AC856CE00B1C125 /* LandMarkDetail.swift */,
			);
			path = Landmarks;
			sourceTree = "<group>";
		};
/* End PBXGroup section */

/* Begin PBXNativeTarget section */
		D7BC1DDA2AC81B9700B1C125 /* LandMark */ = {
			isa = PBXNativeTarget;
			buildConfigurationList = D7BC1DE92AC81BA600B1C125 /* Build configuration list for PBXNativeTarget "LandMark" */;
			buildPhases = (
				D7BC1DD72AC81B9700B1C125 /* Sources */,
				D7BC1DD82AC81B9700B1C125 /* Frameworks */,
				D7BC1DD92AC81B9700B1C125 /* Resources */,
			);
			buildRules = (
			);
			dependencies = (
			);
			name = LandMark;
			productName = LandMark;
			productReference = D7BC1DDB2AC81B9700B1C125 /* LandMark.app */;
			productType = "com.apple.product-type.application";
		};
/* End PBXNativeTarget section */

/* Begin PBXProject section */
		D7BC1DD32AC81B9700B1C125 /* Project object */ = {
			isa = PBXProject;
			attributes = {
				BuildIndependentTargetsInParallel = 1;
				LastSwiftUpdateCheck = 1500;
				LastUpgradeCheck = 1500;
				TargetAttributes = {
					D7BC1DDA2AC81B9700B1C125 = {
						CreatedOnToolsVersion = 15.0;
					};
				};
			};
			buildConfigurationList = D7BC1DD62AC81B9700B1C125 /* Build configuration list for PBXProject "LandMark" */;
			compatibilityVersion = "Xcode 14.0";
			developmentRegion = en;
			hasScannedForEncodings = 0;
			knownRegions = (
				en,
				Base,
			);
			mainGroup = D7BC1DD22AC81B9700B1C125;
			productRefGroup = D7BC1DDC2AC81B9700B1C125 /* Products */;
			projectDirPath = "";
			projectRoot = "";
			targets = (
				D7BC1DDA2AC81B9700B1C125 /* LandMark */,
			);
		};
/* End PBXProject section */

/* Begin PBXResourcesBuildPhase section */
		D7BC1DD92AC81B9700B1C125 /* Resources */ = {
			isa = PBXResourcesBuildPhase;
			buildActionMask = 2147483647;
			files = (
				D7BC1DE62AC81BA600B1C125 /* Preview Assets.xcassets in Resources */,
				D7BC1DE32AC81BA600B1C125 /* Assets.xcassets in Resources */,
				D7BC1DF12AC8482000B1C125 /* landmarkData.json in Resources */,
			);
			runOnlyForDeploymentPostprocessing = 0;
		};
/* End PBXResourcesBuildPhase section */

/* Begin PBXSourcesBuildPhase section */
		D7BC1DD72AC81B9700B1C125 /* Sources */ = {
			isa = PBXSourcesBuildPhase;
			buildActionMask = 2147483647;
			files = (
				D7BC1DE12AC81B9700B1C125 /* ContentView.swift in Sources */,
				D7BC1DFA2AC84E1200B1C125 /* LandMarkRow.swift in Sources */,
				D7BC1DF32AC848E500B1C125 /* LandMark.swift in Sources */,
				D7BC1DEF2AC8200900B1C125 /* MapView.swift in Sources */,
				D7BC1DFF2AC8525000B1C125 /* LandMarkList.swift in Sources */,
				D7BC1DFD2AC84F7100B1C125 /* Modifiers.swift in Sources */,
				D7BC1E012AC856CE00B1C125 /* LandMarkDetail.swift in Sources */,
				D7BC1DDF2AC81B9700B1C125 /* LandMarkApp.swift in Sources */,
				D7BC1DED2AC81EC200B1C125 /* CircleImage.swift in Sources */,
				D7BC1E032AC86E7600B1C125 /* FavoriteButton.swift in Sources */,
				D7BC1DF52AC84C7600B1C125 /* ModelData.swift in Sources */,
			);
			runOnlyForDeploymentPostprocessing = 0;
		};
/* End PBXSourcesBuildPhase section */

/* Begin XCBuildConfiguration section */
		D7BC1DE72AC81BA600B1C125 /* Debug */ = {
			isa = XCBuildConfiguration;
			buildSettings = {
				ALWAYS_SEARCH_USER_PATHS = NO;
				ASSETCATALOG_COMPILER_GENERATE_SWIFT_ASSET_SYMBOL_EXTENSIONS = YES;
				CLANG_ANALYZER_NONNULL = YES;
				CLANG_ANALYZER_NUMBER_OBJECT_CONVERSION = YES_AGGRESSIVE;
				CLANG_CXX_LANGUAGE_STANDARD = "gnu++20";
				CLANG_ENABLE_MODULES = YES;
				CLANG_ENABLE_OBJC_ARC = YES;
				CLANG_ENABLE_OBJC_WEAK = YES;
				CLANG_WARN_BLOCK_CAPTURE_AUTORELEASING = YES;
				CLANG_WARN_BOOL_CONVERSION = YES;
				CLANG_WARN_COMMA = YES;
				CLANG_WARN_CONSTANT_CONVERSION = YES;
				CLANG_WARN_DEPRECATED_OBJC_IMPLEMENTATIONS = YES;
				CLANG_WARN_DIRECT_OBJC_ISA_USAGE = YES_ERROR;
				CLANG_WARN_DOCUMENTATION_COMMENTS = YES;
				CLANG_WARN_EMPTY_BODY = YES;
				CLANG_WARN_ENUM_CONVERSION = YES;
				CLANG_WARN_INFINITE_RECURSION = YES;
				CLANG_WARN_INT_CONVERSION = YES;
				CLANG_WARN_NON_LITERAL_NULL_CONVERSION = YES;
				CLANG_WARN_OBJC_IMPLICIT_RETAIN_SELF = YES;
				CLANG_WARN_OBJC_LITERAL_CONVERSION = YES;
				CLANG_WARN_OBJC_ROOT_CLASS = YES_ERROR;
				CLANG_WARN_QUOTED_INCLUDE_IN_FRAMEWORK_HEADER = YES;
				CLANG_WARN_RANGE_LOOP_ANALYSIS = YES;
				CLANG_WARN_STRICT_PROTOTYPES = YES;
				CLANG_WARN_SUSPICIOUS_MOVE = YES;
				CLANG_WARN_UNGUARDED_AVAILABILITY = YES_AGGRESSIVE;
				CLANG_WARN_UNREACHABLE_CODE = YES;
				CLANG_WARN__DUPLICATE_METHOD_MATCH = YES;
				COPY_PHASE_STRIP = NO;
				DEBUG_INFORMATION_FORMAT = dwarf;
				ENABLE_STRICT_OBJC_MSGSEND = YES;
				ENABLE_TESTABILITY = YES;
				ENABLE_USER_SCRIPT_SANDBOXING = YES;
				GCC_C_LANGUAGE_STANDARD = gnu17;
				GCC_DYNAMIC_NO_PIC = NO;
				GCC_NO_COMMON_BLOCKS = YES;
				GCC_OPTIMIZATION_LEVEL = 0;
				GCC_PREPROCESSOR_DEFINITIONS = (
					"DEBUG=1",
					"$(inherited)",
				);
				GCC_WARN_64_TO_32_BIT_CONVERSION = YES;
				GCC_WARN_ABOUT_RETURN_TYPE = YES_ERROR;
				GCC_WARN_UNDECLARED_SELECTOR = YES;
				GCC_WARN_UNINITIALIZED_AUTOS = YES_AGGRESSIVE;
				GCC_WARN_UNUSED_FUNCTION = YES;
				GCC_WARN_UNUSED_VARIABLE = YES;
				IPHONEOS_DEPLOYMENT_TARGET = 17.0;
				LOCALIZATION_PREFERS_STRING_CATALOGS = YES;
				MTL_ENABLE_DEBUG_INFO = INCLUDE_SOURCE;
				MTL_FAST_MATH = YES;
				ONLY_ACTIVE_ARCH = YES;
				SDKROOT = iphoneos;
				SWIFT_ACTIVE_COMPILATION_CONDITIONS = "DEBUG $(inherited)";
				SWIFT_OPTIMIZATION_LEVEL = "-Onone";
			};
			name = Debug;
		};
		D7BC1DE82AC81BA600B1C125 /* Release */ = {
			isa = XCBuildConfiguration;
			buildSettings = {
				ALWAYS_SEARCH_USER_PATHS = NO;
				ASSETCATALOG_COMPILER_GENERATE_SWIFT_ASSET_SYMBOL_EXTENSIONS = YES;
				CLANG_ANALYZER_NONNULL = YES;
				CLANG_ANALYZER_NUMBER_OBJECT_CONVERSION = YES_AGGRESSIVE;
				CLANG_CXX_LANGUAGE_STANDARD = "gnu++20";
				CLANG_ENABLE_MODULES = YES;
				CLANG_ENABLE_OBJC_ARC = YES;
				CLANG_ENABLE_OBJC_WEAK = YES;
				CLANG_WARN_BLOCK_CAPTURE_AUTORELEASING = YES;
				CLANG_WARN_BOOL_CONVERSION = YES;
				CLANG_WARN_COMMA = YES;
				CLANG_WARN_CONSTANT_CONVERSION = YES;
				CLANG_WARN_DEPRECATED_OBJC_IMPLEMENTATIONS = YES;
				CLANG_WARN_DIRECT_OBJC_ISA_USAGE = YES_ERROR;
				CLANG_WARN_DOCUMENTATION_COMMENTS = YES;
				CLANG_WARN_EMPTY_BODY = YES;
				CLANG_WARN_ENUM_CONVERSION = YES;
				CLANG_WARN_INFINITE_RECURSION = YES;
				CLANG_WARN_INT_CONVERSION = YES;
				CLANG_WARN_NON_LITERAL_NULL_CONVERSION = YES;
				CLANG_WARN_OBJC_IMPLICIT_RETAIN_SELF = YES;
				CLANG_WARN_OBJC_LITERAL_CONVERSION = YES;
				CLANG_WARN_OBJC_ROOT_CLASS = YES_ERROR;
				CLANG_WARN_QUOTED_INCLUDE_IN_FRAMEWORK_HEADER = YES;
				CLANG_WARN_RANGE_LOOP_ANALYSIS = YES;
				CLANG_WARN_STRICT_PROTOTYPES = YES;
				CLANG_WARN_SUSPICIOUS_MOVE = YES;
				CLANG_WARN_UNGUARDED_AVAILABILITY = YES_AGGRESSIVE;
				CLANG_WARN_UNREACHABLE_CODE = YES;
				CLANG_WARN__DUPLICATE_METHOD_MATCH = YES;
				COPY_PHASE_STRIP = NO;
				DEBUG_INFORMATION_FORMAT = "dwarf-with-dsym";
				ENABLE_NS_ASSERTIONS = NO;
				ENABLE_STRICT_OBJC_MSGSEND = YES;
				ENABLE_USER_SCRIPT_SANDBOXING = YES;
				GCC_C_LANGUAGE_STANDARD = gnu17;
				GCC_NO_COMMON_BLOCKS = YES;
				GCC_WARN_64_TO_32_BIT_CONVERSION = YES;
				GCC_WARN_ABOUT_RETURN_TYPE = YES_ERROR;
				GCC_WARN_UNDECLARED_SELECTOR = YES;
				GCC_WARN_UNINITIALIZED_AUTOS = YES_AGGRESSIVE;
				GCC_WARN_UNUSED_FUNCTION = YES;
				GCC_WARN_UNUSED_VARIABLE = YES;
				IPHONEOS_DEPLOYMENT_TARGET = 17.0;
				LOCALIZATION_PREFERS_STRING_CATALOGS = YES;
				MTL_ENABLE_DEBUG_INFO = NO;
				MTL_FAST_MATH = YES;
				SDKROOT = iphoneos;
				SWIFT_COMPILATION_MODE = wholemodule;
				VALIDATE_PRODUCT = YES;
			};
			name = Release;
		};
		D7BC1DEA2AC81BA600B1C125 /* Debug */ = {
			isa = XCBuildConfiguration;
			buildSettings = {
				ASSETCATALOG_COMPILER_APPICON_NAME = AppIcon;
				ASSETCATALOG_COMPILER_GLOBAL_ACCENT_COLOR_NAME = AccentColor;
				CODE_SIGN_STYLE = Automatic;
				CURRENT_PROJECT_VERSION = 1;
				DEVELOPMENT_ASSET_PATHS = "\"LandMark/Preview Content\"";
				DEVELOPMENT_TEAM = 648U26QNYT;
				ENABLE_PREVIEWS = YES;
				GENERATE_INFOPLIST_FILE = YES;
				INFOPLIST_KEY_UIApplicationSceneManifest_Generation = YES;
				INFOPLIST_KEY_UIApplicationSupportsIndirectInputEvents = YES;
				INFOPLIST_KEY_UILaunchScreen_Generation = YES;
				INFOPLIST_KEY_UISupportedInterfaceOrientations_iPad = "UIInterfaceOrientationPortrait UIInterfaceOrientationPortraitUpsideDown UIInterfaceOrientationLandscapeLeft UIInterfaceOrientationLandscapeRight";
				INFOPLIST_KEY_UISupportedInterfaceOrientations_iPhone = "UIInterfaceOrientationPortrait UIInterfaceOrientationLandscapeLeft UIInterfaceOrientationLandscapeRight";
				LD_RUNPATH_SEARCH_PATHS = (
					"$(inherited)",
					"@executable_path/Frameworks",
				);
				MARKETING_VERSION = 1.0;
				PRODUCT_BUNDLE_IDENTIFIER = com.LandMark;
				PRODUCT_NAME = "$(TARGET_NAME)";
				SWIFT_EMIT_LOC_STRINGS = YES;
				SWIFT_VERSION = 5.0;
				TARGETED_DEVICE_FAMILY = "1,2";
			};
			name = Debug;
		};
		D7BC1DEB2AC81BA600B1C125 /* Release */ = {
			isa = XCBuildConfiguration;
			buildSettings = {
				ASSETCATALOG_COMPILER_APPICON_NAME = AppIcon;
				ASSETCATALOG_COMPILER_GLOBAL_ACCENT_COLOR_NAME = AccentColor;
				CODE_SIGN_STYLE = Automatic;
				CURRENT_PROJECT_VERSION = 1;
				DEVELOPMENT_ASSET_PATHS = "\"LandMark/Preview Content\"";
				DEVELOPMENT_TEAM = 648U26QNYT;
				ENABLE_PREVIEWS = YES;
				GENERATE_INFOPLIST_FILE = YES;
				INFOPLIST_KEY_UIApplicationSceneManifest_Generation = YES;
				INFOPLIST_KEY_UIApplicationSupportsIndirectInputEvents = YES;
				INFOPLIST_KEY_UILaunchScreen_Generation = YES;
				INFOPLIST_KEY_UISupportedInterfaceOrientations_iPad = "UIInterfaceOrientationPortrait UIInterfaceOrientationPortraitUpsideDown UIInterfaceOrientationLandscapeLeft UIInterfaceOrientationLandscapeRight";
				INFOPLIST_KEY_UISupportedInterfaceOrientations_iPhone = "UIInterfaceOrientationPortrait UIInterfaceOrientationLandscapeLeft UIInterfaceOrientationLandscapeRight";
				LD_RUNPATH_SEARCH_PATHS = (
					"$(inherited)",
					"@executable_path/Frameworks",
				);
				MARKETING_VERSION = 1.0;
				PRODUCT_BUNDLE_IDENTIFIER = com.LandMark;
				PRODUCT_NAME = "$(TARGET_NAME)";
				SWIFT_EMIT_LOC_STRINGS = YES;
				SWIFT_VERSION = 5.0;
				TARGETED_DEVICE_FAMILY = "1,2";
			};
			name = Release;
		};
/* End XCBuildConfiguration section */

/* Begin XCConfigurationList section */
		D7BC1DD62AC81B9700B1C125 /* Build configuration list for PBXProject "LandMark" */ = {
			isa = XCConfigurationList;
			buildConfigurations = (
				D7BC1DE72AC81BA600B1C125 /* Debug */,
				D7BC1DE82AC81BA600B1C125 /* Release */,
			);
			defaultConfigurationIsVisible = 0;
			defaultConfigurationName = Release;
		};
		D7BC1DE92AC81BA600B1C125 /* Build configuration list for PBXNativeTarget "LandMark" */ = {
			isa = XCConfigurationList;
			buildConfigurations = (
				D7BC1DEA2AC81BA600B1C125 /* Debug */,
				D7BC1DEB2AC81BA600B1C125 /* Release */,
			);
			defaultConfigurationIsVisible = 0;
			defaultConfigurationName = Release;
		};
/* End XCConfigurationList section */
	};
	rootObject = D7BC1DD32AC81B9700B1C125 /* Project object */;
}
